
Microsoft Visual Studio Solution File, Format Version 12.00
# Visual Studio Version 17
VisualStudioVersion = 17.12.35728.132 d17.12
MinimumVisualStudioVersion = 10.0.40219.1
Project("{2150E333-8FDC-42A3-9474-1A3956D46DE8}") = "Solution Items", "Solution Items", "{A33ECDB4-5BF0-42ED-9FC4-A096D6898AFD}"
	ProjectSection(SolutionItems) = preProject
		README.md = README.md
	EndProjectSection
EndProject
Project("{2150E333-8FDC-42A3-9474-1A3956D46DE8}") = "nuget", "nuget", "{A51DB5C1-D6AA-4C1F-9A1C-FF8F5F649A88}"
	ProjectSection(SolutionItems) = preProject
		nuget\myget.bat = nuget\myget.bat
		nuget\nuget.bat = nuget\nuget.bat
		nuget\Transformalize.Provider.Excel.Autofac.nuspec = nuget\Transformalize.Provider.Excel.Autofac.nuspec
		nuget\Transformalize.Provider.Excel.nuspec = nuget\Transformalize.Provider.Excel.nuspec
	EndProjectSection
EndProject
Project("{FAE04EC0-301F-11D3-BF4B-00C04F79EFBC}") = "Transformalize.Provider.Excel", "src\Transformalize.Provider.Excel\Transformalize.Provider.Excel.csproj", "{AF68E695-1BE6-454E-A718-CF5BCE44095D}"
EndProject
Project("{FAE04EC0-301F-11D3-BF4B-00C04F79EFBC}") = "Transformalize.Provider.Excel.Autofac", "src\Transformalize.Provider.Excel.Autofac\Transformalize.Provider.Excel.Autofac.csproj", "{AC0DC827-EA79-4E5F-BEEB-79EA6E8DCFF9}"
EndProject
Project("{FAE04EC0-301F-11D3-BF4B-00C04F79EFBC}") = "Test", "src\Test\Test.csproj", "{B406DD2E-1A18-426B-A47B-BFF76CF8A397}"
EndProject
Global
	GlobalSection(SolutionConfigurationPlatforms) = preSolution
		Debug|Any CPU = Debug|Any CPU
		Release|Any CPU = Release|Any CPU
	EndGlobalSection
	GlobalSection(ProjectConfigurationPlatforms) = postSolution
		{AF68E695-1BE6-454E-A718-CF5BCE44095D}.Debug|Any CPU.ActiveCfg = Debug|Any CPU
		{AF68E695-1BE6-454E-A718-CF5BCE44095D}.Debug|Any CPU.Build.0 = Debug|Any CPU
		{AF68E695-1BE6-454E-A718-CF5BCE44095D}.Release|Any CPU.ActiveCfg = Release|Any CPU
		{AF68E695-1BE6-454E-A718-CF5BCE44095D}.Release|Any CPU.Build.0 = Release|Any CPU
		{AC0DC827-EA79-4E5F-BEEB-79EA6E8DCFF9}.Debug|Any CPU.ActiveCfg = Debug|Any CPU
		{AC0DC827-EA79-4E5F-BEEB-79EA6E8DCFF9}.Debug|Any CPU.Build.0 = Debug|Any CPU
		{AC0DC827-EA79-4E5F-BEEB-79EA6E8DCFF9}.Release|Any CPU.ActiveCfg = Release|Any CPU
		{AC0DC827-EA79-4E5F-BEEB-79EA6E8DCFF9}.Release|Any CPU.Build.0 = Release|Any CPU
		{B406DD2E-1A18-426B-A47B-BFF76CF8A397}.Debug|Any CPU.ActiveCfg = Debug|Any CPU
		{B406DD2E-1A18-426B-A47B-BFF76CF8A397}.Debug|Any CPU.Build.0 = Debug|Any CPU
		{B406DD2E-1A18-426B-A47B-BFF76CF8A397}.Release|Any CPU.ActiveCfg = Release|Any CPU
		{B406DD2E-1A18-426B-A47B-BFF76CF8A397}.Release|Any CPU.Build.0 = Release|Any CPU
	EndGlobalSection
	GlobalSection(SolutionProperties) = preSolution
		HideSolutionNode = FALSE
	EndGlobalSection
	GlobalSection(NestedProjects) = preSolution
		{A51DB5C1-D6AA-4C1F-9A1C-FF8F5F649A88} = {A33ECDB4-5BF0-42ED-9FC4-A096D6898AFD}
	EndGlobalSection
	GlobalSection(ExtensibilityGlobals) = postSolution
		SolutionGuid = {FC02244B-586F-431D-97BF-6733C0A18165}
	EndGlobalSection
EndGlobal
